
Microsoft Visual Studio Solution File, Format Version 12.00
# Visual Studio Version 16
VisualStudioVersion = 16.0.31112.23
MinimumVisualStudioVersion = 10.0.40219.1
Project("{9A19103F-16F7-4668-BE54-9A1E7A4F7556}") = "Cars.Api", "Cars.API\Cars.Api.csproj", "{82A962B0-5EC7-4D1E-9B4A-1C7D4D463AFA}"
	ProjectSection(ProjectDependencies) = postProject
		{4907723B-591B-42FC-8B31-C8DF9057CDA4} = {4907723B-591B-42FC-8B31-C8DF9057CDA4}
	EndProjectSection
EndProject
Project("{9A19103F-16F7-4668-BE54-9A1E7A4F7556}") = "Cars.DAL", "Cars.DAL\Cars.DAL.csproj", "{4907723B-591B-42FC-8B31-C8DF9057CDA4}"
EndProject
Project("{2150E333-8FDC-42A3-9474-1A3956D46DE8}") = "Solution Items", "Solution Items", "{A26B2281-C5C7-4695-801C-63BA56CCEA56}"
	ProjectSection(SolutionItems) = preProject
		docker-compose.yml = docker-compose.yml
		DOCKER.md = DOCKER.md
		Dockerfile = Dockerfile
		entrypoint.sh = entrypoint.sh
		README.md = README.md
	EndProjectSection
EndProject
Project("{9A19103F-16F7-4668-BE54-9A1E7A4F7556}") = "Cars.EF.Migrations", "Cars.EF.Migrations\Cars.EF.Migrations.csproj", "{A454261A-386F-435A-BB87-5EBA13DAAD74}"
EndProject
Global
	GlobalSection(SolutionConfigurationPlatforms) = preSolution
		Debug|Any CPU = Debug|Any CPU
		Release|Any CPU = Release|Any CPU
	EndGlobalSection
	GlobalSection(ProjectConfigurationPlatforms) = postSolution
		{82A962B0-5EC7-4D1E-9B4A-1C7D4D463AFA}.Debug|Any CPU.ActiveCfg = Debug|Any CPU
		{82A962B0-5EC7-4D1E-9B4A-1C7D4D463AFA}.Debug|Any CPU.Build.0 = Debug|Any CPU
		{82A962B0-5EC7-4D1E-9B4A-1C7D4D463AFA}.Release|Any CPU.ActiveCfg = Release|Any CPU
		{82A962B0-5EC7-4D1E-9B4A-1C7D4D463AFA}.Release|Any CPU.Build.0 = Release|Any CPU
		{4907723B-591B-42FC-8B31-C8DF9057CDA4}.Debug|Any CPU.ActiveCfg = Debug|Any CPU
		{4907723B-591B-42FC-8B31-C8DF9057CDA4}.Debug|Any CPU.Build.0 = Debug|Any CPU
		{4907723B-591B-42FC-8B31-C8DF9057CDA4}.Release|Any CPU.ActiveCfg = Release|Any CPU
		{4907723B-591B-42FC-8B31-C8DF9057CDA4}.Release|Any CPU.Build.0 = Release|Any CPU
		{A454261A-386F-435A-BB87-5EBA13DAAD74}.Debug|Any CPU.ActiveCfg = Debug|Any CPU
		{A454261A-386F-435A-BB87-5EBA13DAAD74}.Debug|Any CPU.Build.0 = Debug|Any CPU
		{A454261A-386F-435A-BB87-5EBA13DAAD74}.Release|Any CPU.ActiveCfg = Release|Any CPU
		{A454261A-386F-435A-BB87-5EBA13DAAD74}.Release|Any CPU.Build.0 = Release|Any CPU
	EndGlobalSection
	GlobalSection(SolutionProperties) = preSolution
		HideSolutionNode = FALSE
	EndGlobalSection
	GlobalSection(ExtensibilityGlobals) = postSolution
		SolutionGuid = {C9C2ABED-30F5-495E-A511-92A716641C70}
	EndGlobalSection
EndGlobal
